
Microsoft Visual Studio Solution File, Format Version 12.00
# Visual Studio Version 17
VisualStudioVersion = 17.3.32929.385
MinimumVisualStudioVersion = 10.0.40219.1
Project("{FAE04EC0-301F-11D3-BF4B-00C04F79EFBC}") = "BlazorAppM", "BlazorAppM\BlazorAppM.csproj", "{7441B6DB-5F8C-4258-95E9-14907130C431}"
EndProject
Global
	GlobalSection(SolutionConfigurationPlatforms) = preSolution
		Debug|Any CPU = Debug|Any CPU
		Release|Any CPU = Release|Any CPU
	EndGlobalSection
	GlobalSection(ProjectConfigurationPlatforms) = postSolution
		{7441B6DB-5F8C-4258-95E9-14907130C431}.Debug|Any CPU.ActiveCfg = Debug|Any CPU
		{7441B6DB-5F8C-4258-95E9-14907130C431}.Debug|Any CPU.Build.0 = Debug|Any CPU
		{7441B6DB-5F8C-4258-95E9-14907130C431}.Release|Any CPU.ActiveCfg = Release|Any CPU
		{7441B6DB-5F8C-4258-95E9-14907130C431}.Release|Any CPU.Build.0 = Release|Any CPU
	EndGlobalSection
	GlobalSection(SolutionProperties) = preSolution
		HideSolutionNode = FALSE
	EndGlobalSection
	GlobalSection(ExtensibilityGlobals) = postSolution
		SolutionGuid = {DC447F36-1AAA-4A0E-9AF4-55B62847BB86}
	EndGlobalSection
EndGlobal
